
Microsoft Visual Studio Solution File, Format Version 12.00
# Visual Studio Version 17
VisualStudioVersion = 17.1.32328.378
MinimumVisualStudioVersion = 10.0.40219.1
Project("{FAE04EC0-301F-11D3-BF4B-00C04F79EFBC}") = "ToursApp", "ToursApp\ToursApp.csproj", "{7DB10B76-84CA-4C45-A405-D9EE551EDFCD}"
EndProject
Global
	GlobalSection(SolutionConfigurationPlatforms) = preSolution
		Debug|Any CPU = Debug|Any CPU
		Release|Any CPU = Release|Any CPU
	EndGlobalSection
	GlobalSection(ProjectConfigurationPlatforms) = postSolution
		{7DB10B76-84CA-4C45-A405-D9EE551EDFCD}.Debug|Any CPU.ActiveCfg = Debug|Any CPU
		{7DB10B76-84CA-4C45-A405-D9EE551EDFCD}.Debug|Any CPU.Build.0 = Debug|Any CPU
		{7DB10B76-84CA-4C45-A405-D9EE551EDFCD}.Release|Any CPU.ActiveCfg = Release|Any CPU
		{7DB10B76-84CA-4C45-A405-D9EE551EDFCD}.Release|Any CPU.Build.0 = Release|Any CPU
	EndGlobalSection
	GlobalSection(SolutionProperties) = preSolution
		HideSolutionNode = FALSE
	EndGlobalSection
	GlobalSection(ExtensibilityGlobals) = postSolution
		SolutionGuid = {F27E88A1-BB8F-4FD7-B5B8-BC48385716DC}
	EndGlobalSection
EndGlobal
